github.com/antonfisher/nested-logrus-formatter v1.1.0 h1:wb5SkAtQD/VMTOkYimj8PtdNvbNEs0QWOQXSZAw/Ars=
github.com/antonfisher/nested-logrus-formatter v1.1.0/go.mod h1:6WTfyWFkBc9+zyBaKIqRrg/KwMqBbodBjgbHjDz7zjA=
github.com/davecgh/go-spew v1.1.1/go.mod h1:J7Y8YcW2NihsgmVo/mv3lAwl/skON4iLHjSsI+c5H38=
github.com/konsorten/go-windows-terminal-sequences v1.0.3/go.mod h1:T0+1ngSBFLxvqU3pZ+m/2kptfBszLMUkC4ZK/EgS/cQ=
github.com/neoul/libydb v0.0.0-20200811011002-aec94bca96d2 h1:AbKqegdXyhoWgwtGT0Y0JH1Vksmr9oq/o+jNKW/W+T4=
github.com/neoul/libydb v0.0.0-20200811011002-aec94bca96d2/go.mod h1:NC3qdGDXriH8VNwLbS+3XsnlQcWi3mzffluE5eVfJpk=
github.com/pmezard/go-difflib v1.0.0/go.mod h1:iKH77koFhYxTK1pcRnkKkqfTogsbg7gZNVY4sRDYZ/4=
github.com/sirupsen/logrus v1.6.0 h1:UBcNElsrwanuuMsnGSlYmtmgbb23qDR5dG+6X6Oo89I=
github.com/sirupsen/logrus v1.6.0/go.mod h1:7uNnSEd1DgxDLC74fIahvMZmmYsHGZGEOFrfsX/uA88=
github.com/stretchr/testify v1.2.2/go.mod h1:a8OnRcib4nhh0OaRAV+Yts87kKdq0PP7pXfy6kDkUVs=
golang.org/x/sys v0.0.0-20190422165155-953cdadca894/go.mod h1:h1NjWce9XRLGQEsW7wpKNCjG9DtNlClVuFLEZdDNbEs=
golang.org/x/sys v0.0.0-20200819035508-9a32b3aa38f5 h1:2r6BWB+sWBIRVv2mC6sYNpdbplZte/1k1drwUKUpS60=
golang.org/x/sys v0.0.0-20200819035508-9a32b3aa38f5/go.mod h1:h1NjWce9XRLGQEsW7wpKNCjG9DtNlClVuFLEZdDNbEs=
gopkg.in/mcuadros/go-syslog.v2 v2.3.0 h1:kcsiS+WsTKyIEPABJBJtoG0KkOS6yzvJ+/eZlhD79kk=
gopkg.in/mcuadros/go-syslog.v2 v2.3.0/go.mod h1:l5LPIyOOyIdQquNg+oU6Z3524YwrcqEm0aKH+5zpt2U=
